
Microsoft Visual Studio Solution File, Format Version 12.00
# Visual Studio Version 16
VisualStudioVersion = 16.0.30002.166
MinimumVisualStudioVersion = 10.0.40219.1
Project("{FAE04EC0-301F-11D3-BF4B-00C04F79EFBC}") = "TestChat", "TestChat\TestChat.csproj", "{FB32FA8A-7EF8-4486-AD56-208C76A3842B}"
EndProject
Global
	GlobalSection(SolutionConfigurationPlatforms) = preSolution
		Debug|Any CPU = Debug|Any CPU
		Release|Any CPU = Release|Any CPU
	EndGlobalSection
	GlobalSection(ProjectConfigurationPlatforms) = postSolution
		{FB32FA8A-7EF8-4486-AD56-208C76A3842B}.Debug|Any CPU.ActiveCfg = Debug|Any CPU
		{FB32FA8A-7EF8-4486-AD56-208C76A3842B}.Debug|Any CPU.Build.0 = Debug|Any CPU
		{FB32FA8A-7EF8-4486-AD56-208C76A3842B}.Release|Any CPU.ActiveCfg = Release|Any CPU
		{FB32FA8A-7EF8-4486-AD56-208C76A3842B}.Release|Any CPU.Build.0 = Release|Any CPU
	EndGlobalSection
	GlobalSection(SolutionProperties) = preSolution
		HideSolutionNode = FALSE
	EndGlobalSection
	GlobalSection(ExtensibilityGlobals) = postSolution
		SolutionGuid = {A7964CDD-F35C-4E7B-8E3A-F9226219AB8D}
	EndGlobalSection
EndGlobal
